<?xml version="1.0" encoding="utf-8"?>
<Project ToolsVersion="4.0" xmlns="http://schemas.microsoft.com/developer/msbuild/2003">
  <ItemGroup>
    <Filter Include="Source Files">
      <UniqueIdentifier>{4FC737F1-C7A5-4376-A066-2A32D752A2FF}</UniqueIdentifier>
      <Extensions>cpp;c;cc;cxx;c++;cppm;ixx;def;odl;idl;hpj;bat;asm;asmx</Extensions>
    </Filter>
    <Filter Include="Header Files">
      <UniqueIdentifier>{93995380-89BD-4b04-88EB-625FBE52EBFB}</UniqueIdentifier>
      <Extensions>h;hh;hpp;hxx;h++;hm;inl;inc;ipp;xsd</Extensions>
    </Filter>
    <Filter Include="Resource Files">
      <UniqueIdentifier>{67DA6AB6-F800-4c08-8B7A-83BB121AAD01}</UniqueIdentifier>
      <Extensions>rc;ico;cur;bmp;dlg;rc2;rct;bin;rgs;gif;jpg;jpeg;jpe;resx;tiff;tif;png;wav;mfcribbon-ms</Extensions>
    </Filter>
    <Filter Include="Resource Files\menu">
      <UniqueIdentifier>{8904c44d-8a4f-493f-8db5-cae65be1b41c}</UniqueIdentifier>
    </Filter>
    <Filter Include="Resource Files\Player">
      <UniqueIdentifier>{68dd32e7-8919-4729-ae8a-e7c76949f741}</UniqueIdentifier>
    </Filter>
    <Filter Include="Resource Files\Enemy">
      <UniqueIdentifier>{2f1806e9-64e5-4203-ba96-c17d8e8101d4}</UniqueIdentifier>
    </Filter>
    <Filter Include="Resource Files\menu\Background">
      <UniqueIdentifier>{43a18353-de05-41f8-a899-5566836bc77c}</UniqueIdentifier>
    </Filter>
  </ItemGroup>
  <ItemGroup>
    <ClCompile Include="C++_Game_Test_Two.cpp">
      <Filter>Source Files</Filter>
    </ClCompile>
    <ClCompile Include="Entity.cpp">
      <Filter>Source Files</Filter>
    </ClCompile>
    <ClCompile Include="Player.cpp">
      <Filter>Source Files</Filter>
    </ClCompile>
    <ClCompile Include="RayLibButtonClass.cpp">
      <Filter>Source Files</Filter>
    </ClCompile>
    <ClCompile Include="Enemy.cpp">
      <Filter>Source Files</Filter>
    </ClCompile>
  </ItemGroup>
  <ItemGroup>
    <None Include="packages.config" />
  </ItemGroup>
  <ItemGroup>
    <ClInclude Include="Entity.h">
      <Filter>Header Files</Filter>
    </ClInclude>
    <ClInclude Include="Player.h">
      <Filter>Header Files</Filter>
    </ClInclude>
    <ClInclude Include="NormalHeaders.h">
      <Filter>Header Files</Filter>
    </ClInclude>
    <ClInclude Include="simple-xml.h">
      <Filter>Header Files</Filter>
    </ClInclude>
    <ClInclude Include="tmxLoader.h">
      <Filter>Header Files</Filter>
    </ClInclude>
    <ClInclude Include="RayLibButtonClass.h">
      <Filter>Header Files</Filter>
    </ClInclude>
    <ClInclude Include="Enemy.h">
      <Filter>Header Files</Filter>
    </ClInclude>
  </ItemGroup>
  <ItemGroup>
    <Image Include="Textures\Menu\button.png">
      <Filter>Resource Files\menu</Filter>
    </Image>
    <Image Include="Textures\Characters\Player\WARRIOR_COMBAT_SPRITE-SHEET.png">
      <Filter>Resource Files\Player</Filter>
    </Image>
    <Image Include="Textures\Characters\Enemys\aaron_gp0_015.png">
      <Filter>Resource Files\Enemy</Filter>
    </Image>
    <Image Include="Textures\Menu\Konata.png">
      <Filter>Resource Files\menu</Filter>
    </Image>
    <Image Include="Textures\Menu\fdxi_-_Copy.png">
      <Filter>Resource Files\menu</Filter>
    </Image>
    <Image Include="Textures\Menu\Backgrounds\Placeholder_BG.png">
      <Filter>Resource Files\menu\Background</Filter>
    </Image>
  </ItemGroup>
</Project>